
Microsoft Visual Studio Solution File, Format Version 12.00
# Visual Studio Version 16
VisualStudioVersion = 16.0.30611.23
MinimumVisualStudioVersion = 10.0.40219.1
Project("{FAE04EC0-301F-11D3-BF4B-00C04F79EFBC}") = "DataAccess", "DataAccess\DataAccess.csproj", "{5E134E59-29EC-47DD-A80E-EBA4FD034031}"
EndProject
Project("{FAE04EC0-301F-11D3-BF4B-00C04F79EFBC}") = "Business", "Business\Business.csproj", "{9911E4EB-E950-45EB-B32D-3421C6F56215}"
EndProject
Project("{FAE04EC0-301F-11D3-BF4B-00C04F79EFBC}") = "Entities", "Entities\Entities.csproj", "{D78AE101-101C-46DB-8108-2458A06C28D5}"
EndProject
Project("{FAE04EC0-301F-11D3-BF4B-00C04F79EFBC}") = "ConsoleUI", "ConsoleUI\ConsoleUI.csproj", "{B96DB3FA-DB6E-4DC0-A614-4B573A471532}"
EndProject
Global
	GlobalSection(SolutionConfigurationPlatforms) = preSolution
		Debug|Any CPU = Debug|Any CPU
		Release|Any CPU = Release|Any CPU
	EndGlobalSection
	GlobalSection(ProjectConfigurationPlatforms) = postSolution
		{5E134E59-29EC-47DD-A80E-EBA4FD034031}.Debug|Any CPU.ActiveCfg = Debug|Any CPU
		{5E134E59-29EC-47DD-A80E-EBA4FD034031}.Debug|Any CPU.Build.0 = Debug|Any CPU
		{5E134E59-29EC-47DD-A80E-EBA4FD034031}.Release|Any CPU.ActiveCfg = Release|Any CPU
		{5E134E59-29EC-47DD-A80E-EBA4FD034031}.Release|Any CPU.Build.0 = Release|Any CPU
		{9911E4EB-E950-45EB-B32D-3421C6F56215}.Debug|Any CPU.ActiveCfg = Debug|Any CPU
		{9911E4EB-E950-45EB-B32D-3421C6F56215}.Debug|Any CPU.Build.0 = Debug|Any CPU
		{9911E4EB-E950-45EB-B32D-3421C6F56215}.Release|Any CPU.ActiveCfg = Release|Any CPU
		{9911E4EB-E950-45EB-B32D-3421C6F56215}.Release|Any CPU.Build.0 = Release|Any CPU
		{D78AE101-101C-46DB-8108-2458A06C28D5}.Debug|Any CPU.ActiveCfg = Debug|Any CPU
		{D78AE101-101C-46DB-8108-2458A06C28D5}.Debug|Any CPU.Build.0 = Debug|Any CPU
		{D78AE101-101C-46DB-8108-2458A06C28D5}.Release|Any CPU.ActiveCfg = Release|Any CPU
		{D78AE101-101C-46DB-8108-2458A06C28D5}.Release|Any CPU.Build.0 = Release|Any CPU
		{B96DB3FA-DB6E-4DC0-A614-4B573A471532}.Debug|Any CPU.ActiveCfg = Debug|Any CPU
		{B96DB3FA-DB6E-4DC0-A614-4B573A471532}.Debug|Any CPU.Build.0 = Debug|Any CPU
		{B96DB3FA-DB6E-4DC0-A614-4B573A471532}.Release|Any CPU.ActiveCfg = Release|Any CPU
		{B96DB3FA-DB6E-4DC0-A614-4B573A471532}.Release|Any CPU.Build.0 = Release|Any CPU
	EndGlobalSection
	GlobalSection(SolutionProperties) = preSolution
		HideSolutionNode = FALSE
	EndGlobalSection
	GlobalSection(ExtensibilityGlobals) = postSolution
		SolutionGuid = {12525D20-3049-4602-9ADF-A12441135341}
	EndGlobalSection
EndGlobal
